
Microsoft Visual Studio Solution File, Format Version 12.00
# Visual Studio 2013
VisualStudioVersion = 12.0.31101.0
MinimumVisualStudioVersion = 10.0.40219.1
Project("{FAE04EC0-301F-11D3-BF4B-00C04F79EFBC}") = "Xevenshtein.Core", "Xevenshtein.Core\Xevenshtein.Core.csproj", "{392FC968-2CB6-45B6-95B9-C0AACD940372}"
EndProject
Project("{2150E333-8FDC-42A3-9474-1A3956D46DE8}") = "Test", "Test", "{14F6174F-0C3A-4BCC-85A8-A1FBC36E4241}"
EndProject
Project("{FAE04EC0-301F-11D3-BF4B-00C04F79EFBC}") = "Xevenshtein.Test", "Xevenshtein.Test\Xevenshtein.Test.csproj", "{F88ECD76-8922-4601-9D22-B239227FE956}"
EndProject
Project("{FAE04EC0-301F-11D3-BF4B-00C04F79EFBC}") = "Xevenshtein.Droid", "Xevenshtein.Droid\Xevenshtein.Droid.csproj", "{43B7762E-77FF-4F72-B843-B13AB5072E95}"
EndProject
Project("{FAE04EC0-301F-11D3-BF4B-00C04F79EFBC}") = "Xevenshtein.Forms", "Xevenshtein.Forms\Xevenshtein.Forms\Xevenshtein.Forms.csproj", "{819DF782-456D-4F90-90DA-969F52209C4E}"
EndProject
Project("{FAE04EC0-301F-11D3-BF4B-00C04F79EFBC}") = "Xevenshtein.Forms.iOS", "Xevenshtein.Forms\Xevenshtein.Forms.iOS\Xevenshtein.Forms.iOS.csproj", "{41A2C151-9A68-42A1-92C8-5564F2AEB7FA}"
EndProject
Project("{FAE04EC0-301F-11D3-BF4B-00C04F79EFBC}") = "Xevenshtein.Forms.Droid", "Xevenshtein.Forms\Xevenshtein.Forms.Droid\Xevenshtein.Forms.Droid.csproj", "{03B9DCEC-67FF-4433-B977-F60D7C687656}"
EndProject
Global
	GlobalSection(SolutionConfigurationPlatforms) = preSolution
		Ad-Hoc|Any CPU = Ad-Hoc|Any CPU
		Ad-Hoc|ARM = Ad-Hoc|ARM
		Ad-Hoc|iPhone = Ad-Hoc|iPhone
		Ad-Hoc|iPhoneSimulator = Ad-Hoc|iPhoneSimulator
		Ad-Hoc|Mixed Platforms = Ad-Hoc|Mixed Platforms
		Ad-Hoc|x64 = Ad-Hoc|x64
		Ad-Hoc|x86 = Ad-Hoc|x86
		AppStore|Any CPU = AppStore|Any CPU
		AppStore|ARM = AppStore|ARM
		AppStore|iPhone = AppStore|iPhone
		AppStore|iPhoneSimulator = AppStore|iPhoneSimulator
		AppStore|Mixed Platforms = AppStore|Mixed Platforms
		AppStore|x64 = AppStore|x64
		AppStore|x86 = AppStore|x86
		Debug|Any CPU = Debug|Any CPU
		Debug|ARM = Debug|ARM
		Debug|iPhone = Debug|iPhone
		Debug|iPhoneSimulator = Debug|iPhoneSimulator
		Debug|Mixed Platforms = Debug|Mixed Platforms
		Debug|x64 = Debug|x64
		Debug|x86 = Debug|x86
		Release|Any CPU = Release|Any CPU
		Release|ARM = Release|ARM
		Release|iPhone = Release|iPhone
		Release|iPhoneSimulator = Release|iPhoneSimulator
		Release|Mixed Platforms = Release|Mixed Platforms
		Release|x64 = Release|x64
		Release|x86 = Release|x86
	EndGlobalSection
	GlobalSection(ProjectConfigurationPlatforms) = postSolution
		{392FC968-2CB6-45B6-95B9-C0AACD940372}.Ad-Hoc|Any CPU.ActiveCfg = Release|Any CPU
		{392FC968-2CB6-45B6-95B9-C0AACD940372}.Ad-Hoc|Any CPU.Build.0 = Release|Any CPU
		{392FC968-2CB6-45B6-95B9-C0AACD940372}.Ad-Hoc|ARM.ActiveCfg = Release|Any CPU
		{392FC968-2CB6-45B6-95B9-C0AACD940372}.Ad-Hoc|iPhone.ActiveCfg = Release|Any CPU
		{392FC968-2CB6-45B6-95B9-C0AACD940372}.Ad-Hoc|iPhoneSimulator.ActiveCfg = Release|Any CPU
		{392FC968-2CB6-45B6-95B9-C0AACD940372}.Ad-Hoc|Mixed Platforms.ActiveCfg = Release|Any CPU
		{392FC968-2CB6-45B6-95B9-C0AACD940372}.Ad-Hoc|Mixed Platforms.Build.0 = Release|Any CPU
		{392FC968-2CB6-45B6-95B9-C0AACD940372}.Ad-Hoc|x64.ActiveCfg = Release|Any CPU
		{392FC968-2CB6-45B6-95B9-C0AACD940372}.Ad-Hoc|x86.ActiveCfg = Release|Any CPU
		{392FC968-2CB6-45B6-95B9-C0AACD940372}.AppStore|Any CPU.ActiveCfg = Release|Any CPU
		{392FC968-2CB6-45B6-95B9-C0AACD940372}.AppStore|Any CPU.Build.0 = Release|Any CPU
		{392FC968-2CB6-45B6-95B9-C0AACD940372}.AppStore|ARM.ActiveCfg = Release|Any CPU
		{392FC968-2CB6-45B6-95B9-C0AACD940372}.AppStore|iPhone.ActiveCfg = Release|Any CPU
		{392FC968-2CB6-45B6-95B9-C0AACD940372}.AppStore|iPhoneSimulator.ActiveCfg = Release|Any CPU
		{392FC968-2CB6-45B6-95B9-C0AACD940372}.AppStore|Mixed Platforms.ActiveCfg = Release|Any CPU
		{392FC968-2CB6-45B6-95B9-C0AACD940372}.AppStore|Mixed Platforms.Build.0 = Release|Any CPU
		{392FC968-2CB6-45B6-95B9-C0AACD940372}.AppStore|x64.ActiveCfg = Release|Any CPU
		{392FC968-2CB6-45B6-95B9-C0AACD940372}.AppStore|x86.ActiveCfg = Release|Any CPU
		{392FC968-2CB6-45B6-95B9-C0AACD940372}.Debug|Any CPU.ActiveCfg = Debug|Any CPU
		{392FC968-2CB6-45B6-95B9-C0AACD940372}.Debug|Any CPU.Build.0 = Debug|Any CPU
		{392FC968-2CB6-45B6-95B9-C0AACD940372}.Debug|ARM.ActiveCfg = Debug|Any CPU
		{392FC968-2CB6-45B6-95B9-C0AACD940372}.Debug|iPhone.ActiveCfg = Debug|Any CPU
		{392FC968-2CB6-45B6-95B9-C0AACD940372}.Debug|iPhoneSimulator.ActiveCfg = Debug|Any CPU
		{392FC968-2CB6-45B6-95B9-C0AACD940372}.Debug|Mixed Platforms.ActiveCfg = Debug|Any CPU
		{392FC968-2CB6-45B6-95B9-C0AACD940372}.Debug|Mixed Platforms.Build.0 = Debug|Any CPU
		{392FC968-2CB6-45B6-95B9-C0AACD940372}.Debug|x64.ActiveCfg = Debug|Any CPU
		{392FC968-2CB6-45B6-95B9-C0AACD940372}.Debug|x86.ActiveCfg = Debug|Any CPU
		{392FC968-2CB6-45B6-95B9-C0AACD940372}.Release|Any CPU.ActiveCfg = Release|Any CPU
		{392FC968-2CB6-45B6-95B9-C0AACD940372}.Release|Any CPU.Build.0 = Release|Any CPU
		{392FC968-2CB6-45B6-95B9-C0AACD940372}.Release|ARM.ActiveCfg = Release|Any CPU
		{392FC968-2CB6-45B6-95B9-C0AACD940372}.Release|iPhone.ActiveCfg = Release|Any CPU
		{392FC968-2CB6-45B6-95B9-C0AACD940372}.Release|iPhoneSimulator.ActiveCfg = Release|Any CPU
		{392FC968-2CB6-45B6-95B9-C0AACD940372}.Release|Mixed Platforms.ActiveCfg = Release|Any CPU
		{392FC968-2CB6-45B6-95B9-C0AACD940372}.Release|Mixed Platforms.Build.0 = Release|Any CPU
		{392FC968-2CB6-45B6-95B9-C0AACD940372}.Release|x64.ActiveCfg = Release|Any CPU
		{392FC968-2CB6-45B6-95B9-C0AACD940372}.Release|x86.ActiveCfg = Release|Any CPU
		{F88ECD76-8922-4601-9D22-B239227FE956}.Ad-Hoc|Any CPU.ActiveCfg = Release|Any CPU
		{F88ECD76-8922-4601-9D22-B239227FE956}.Ad-Hoc|Any CPU.Build.0 = Release|Any CPU
		{F88ECD76-8922-4601-9D22-B239227FE956}.Ad-Hoc|ARM.ActiveCfg = Release|Any CPU
		{F88ECD76-8922-4601-9D22-B239227FE956}.Ad-Hoc|iPhone.ActiveCfg = Release|Any CPU
		{F88ECD76-8922-4601-9D22-B239227FE956}.Ad-Hoc|iPhoneSimulator.ActiveCfg = Release|Any CPU
		{F88ECD76-8922-4601-9D22-B239227FE956}.Ad-Hoc|Mixed Platforms.ActiveCfg = Release|Any CPU
		{F88ECD76-8922-4601-9D22-B239227FE956}.Ad-Hoc|Mixed Platforms.Build.0 = Release|Any CPU
		{F88ECD76-8922-4601-9D22-B239227FE956}.Ad-Hoc|x64.ActiveCfg = Release|Any CPU
		{F88ECD76-8922-4601-9D22-B239227FE956}.Ad-Hoc|x86.ActiveCfg = Release|Any CPU
		{F88ECD76-8922-4601-9D22-B239227FE956}.AppStore|Any CPU.ActiveCfg = Release|Any CPU
		{F88ECD76-8922-4601-9D22-B239227FE956}.AppStore|Any CPU.Build.0 = Release|Any CPU
		{F88ECD76-8922-4601-9D22-B239227FE956}.AppStore|ARM.ActiveCfg = Release|Any CPU
		{F88ECD76-8922-4601-9D22-B239227FE956}.AppStore|iPhone.ActiveCfg = Release|Any CPU
		{F88ECD76-8922-4601-9D22-B239227FE956}.AppStore|iPhoneSimulator.ActiveCfg = Release|Any CPU
		{F88ECD76-8922-4601-9D22-B239227FE956}.AppStore|Mixed Platforms.ActiveCfg = Release|Any CPU
		{F88ECD76-8922-4601-9D22-B239227FE956}.AppStore|Mixed Platforms.Build.0 = Release|Any CPU
		{F88ECD76-8922-4601-9D22-B239227FE956}.AppStore|x64.ActiveCfg = Release|Any CPU
		{F88ECD76-8922-4601-9D22-B239227FE956}.AppStore|x86.ActiveCfg = Release|Any CPU
		{F88ECD76-8922-4601-9D22-B239227FE956}.Debug|Any CPU.ActiveCfg = Debug|Any CPU
		{F88ECD76-8922-4601-9D22-B239227FE956}.Debug|Any CPU.Build.0 = Debug|Any CPU
		{F88ECD76-8922-4601-9D22-B239227FE956}.Debug|ARM.ActiveCfg = Debug|Any CPU
		{F88ECD76-8922-4601-9D22-B239227FE956}.Debug|iPhone.ActiveCfg = Debug|Any CPU
		{F88ECD76-8922-4601-9D22-B239227FE956}.Debug|iPhoneSimulator.ActiveCfg = Debug|Any CPU
		{F88ECD76-8922-4601-9D22-B239227FE956}.Debug|Mixed Platforms.ActiveCfg = Debug|Any CPU
		{F88ECD76-8922-4601-9D22-B239227FE956}.Debug|Mixed Platforms.Build.0 = Debug|Any CPU
		{F88ECD76-8922-4601-9D22-B239227FE956}.Debug|x64.ActiveCfg = Debug|Any CPU
		{F88ECD76-8922-4601-9D22-B239227FE956}.Debug|x86.ActiveCfg = Debug|Any CPU
		{F88ECD76-8922-4601-9D22-B239227FE956}.Release|Any CPU.ActiveCfg = Release|Any CPU
		{F88ECD76-8922-4601-9D22-B239227FE956}.Release|Any CPU.Build.0 = Release|Any CPU
		{F88ECD76-8922-4601-9D22-B239227FE956}.Release|ARM.ActiveCfg = Release|Any CPU
		{F88ECD76-8922-4601-9D22-B239227FE956}.Release|iPhone.ActiveCfg = Release|Any CPU
		{F88ECD76-8922-4601-9D22-B239227FE956}.Release|iPhoneSimulator.ActiveCfg = Release|Any CPU
		{F88ECD76-8922-4601-9D22-B239227FE956}.Release|Mixed Platforms.ActiveCfg = Release|Any CPU
		{F88ECD76-8922-4601-9D22-B239227FE956}.Release|Mixed Platforms.Build.0 = Release|Any CPU
		{F88ECD76-8922-4601-9D22-B239227FE956}.Release|x64.ActiveCfg = Release|Any CPU
		{F88ECD76-8922-4601-9D22-B239227FE956}.Release|x86.ActiveCfg = Release|Any CPU
		{43B7762E-77FF-4F72-B843-B13AB5072E95}.Ad-Hoc|Any CPU.ActiveCfg = Release|Any CPU
		{43B7762E-77FF-4F72-B843-B13AB5072E95}.Ad-Hoc|Any CPU.Build.0 = Release|Any CPU
		{43B7762E-77FF-4F72-B843-B13AB5072E95}.Ad-Hoc|Any CPU.Deploy.0 = Release|Any CPU
		{43B7762E-77FF-4F72-B843-B13AB5072E95}.Ad-Hoc|ARM.ActiveCfg = Release|Any CPU
		{43B7762E-77FF-4F72-B843-B13AB5072E95}.Ad-Hoc|iPhone.ActiveCfg = Release|Any CPU
		{43B7762E-77FF-4F72-B843-B13AB5072E95}.Ad-Hoc|iPhoneSimulator.ActiveCfg = Release|Any CPU
		{43B7762E-77FF-4F72-B843-B13AB5072E95}.Ad-Hoc|Mixed Platforms.ActiveCfg = Release|Any CPU
		{43B7762E-77FF-4F72-B843-B13AB5072E95}.Ad-Hoc|Mixed Platforms.Build.0 = Release|Any CPU
		{43B7762E-77FF-4F72-B843-B13AB5072E95}.Ad-Hoc|Mixed Platforms.Deploy.0 = Release|Any CPU
		{43B7762E-77FF-4F72-B843-B13AB5072E95}.Ad-Hoc|x64.ActiveCfg = Release|Any CPU
		{43B7762E-77FF-4F72-B843-B13AB5072E95}.Ad-Hoc|x86.ActiveCfg = Release|Any CPU
		{43B7762E-77FF-4F72-B843-B13AB5072E95}.AppStore|Any CPU.ActiveCfg = Release|Any CPU
		{43B7762E-77FF-4F72-B843-B13AB5072E95}.AppStore|Any CPU.Build.0 = Release|Any CPU
		{43B7762E-77FF-4F72-B843-B13AB5072E95}.AppStore|Any CPU.Deploy.0 = Release|Any CPU
		{43B7762E-77FF-4F72-B843-B13AB5072E95}.AppStore|ARM.ActiveCfg = Release|Any CPU
		{43B7762E-77FF-4F72-B843-B13AB5072E95}.AppStore|iPhone.ActiveCfg = Release|Any CPU
		{43B7762E-77FF-4F72-B843-B13AB5072E95}.AppStore|iPhoneSimulator.ActiveCfg = Release|Any CPU
		{43B7762E-77FF-4F72-B843-B13AB5072E95}.AppStore|Mixed Platforms.ActiveCfg = Release|Any CPU
		{43B7762E-77FF-4F72-B843-B13AB5072E95}.AppStore|Mixed Platforms.Build.0 = Release|Any CPU
		{43B7762E-77FF-4F72-B843-B13AB5072E95}.AppStore|Mixed Platforms.Deploy.0 = Release|Any CPU
		{43B7762E-77FF-4F72-B843-B13AB5072E95}.AppStore|x64.ActiveCfg = Release|Any CPU
		{43B7762E-77FF-4F72-B843-B13AB5072E95}.AppStore|x86.ActiveCfg = Release|Any CPU
		{43B7762E-77FF-4F72-B843-B13AB5072E95}.Debug|Any CPU.ActiveCfg = Debug|Any CPU
		{43B7762E-77FF-4F72-B843-B13AB5072E95}.Debug|Any CPU.Build.0 = Debug|Any CPU
		{43B7762E-77FF-4F72-B843-B13AB5072E95}.Debug|Any CPU.Deploy.0 = Debug|Any CPU
		{43B7762E-77FF-4F72-B843-B13AB5072E95}.Debug|ARM.ActiveCfg = Debug|Any CPU
		{43B7762E-77FF-4F72-B843-B13AB5072E95}.Debug|iPhone.ActiveCfg = Debug|Any CPU
		{43B7762E-77FF-4F72-B843-B13AB5072E95}.Debug|iPhoneSimulator.ActiveCfg = Debug|Any CPU
		{43B7762E-77FF-4F72-B843-B13AB5072E95}.Debug|Mixed Platforms.ActiveCfg = Debug|Any CPU
		{43B7762E-77FF-4F72-B843-B13AB5072E95}.Debug|Mixed Platforms.Build.0 = Debug|Any CPU
		{43B7762E-77FF-4F72-B843-B13AB5072E95}.Debug|Mixed Platforms.Deploy.0 = Debug|Any CPU
		{43B7762E-77FF-4F72-B843-B13AB5072E95}.Debug|x64.ActiveCfg = Debug|Any CPU
		{43B7762E-77FF-4F72-B843-B13AB5072E95}.Debug|x86.ActiveCfg = Debug|Any CPU
		{43B7762E-77FF-4F72-B843-B13AB5072E95}.Release|Any CPU.ActiveCfg = Release|Any CPU
		{43B7762E-77FF-4F72-B843-B13AB5072E95}.Release|Any CPU.Build.0 = Release|Any CPU
		{43B7762E-77FF-4F72-B843-B13AB5072E95}.Release|Any CPU.Deploy.0 = Release|Any CPU
		{43B7762E-77FF-4F72-B843-B13AB5072E95}.Release|ARM.ActiveCfg = Release|Any CPU
		{43B7762E-77FF-4F72-B843-B13AB5072E95}.Release|iPhone.ActiveCfg = Release|Any CPU
		{43B7762E-77FF-4F72-B843-B13AB5072E95}.Release|iPhoneSimulator.ActiveCfg = Release|Any CPU
		{43B7762E-77FF-4F72-B843-B13AB5072E95}.Release|Mixed Platforms.ActiveCfg = Release|Any CPU
		{43B7762E-77FF-4F72-B843-B13AB5072E95}.Release|Mixed Platforms.Build.0 = Release|Any CPU
		{43B7762E-77FF-4F72-B843-B13AB5072E95}.Release|Mixed Platforms.Deploy.0 = Release|Any CPU
		{43B7762E-77FF-4F72-B843-B13AB5072E95}.Release|x64.ActiveCfg = Release|Any CPU
		{43B7762E-77FF-4F72-B843-B13AB5072E95}.Release|x86.ActiveCfg = Release|Any CPU
		{819DF782-456D-4F90-90DA-969F52209C4E}.Ad-Hoc|Any CPU.ActiveCfg = Release|Any CPU
		{819DF782-456D-4F90-90DA-969F52209C4E}.Ad-Hoc|Any CPU.Build.0 = Release|Any CPU
		{819DF782-456D-4F90-90DA-969F52209C4E}.Ad-Hoc|ARM.ActiveCfg = Release|Any CPU
		{819DF782-456D-4F90-90DA-969F52209C4E}.Ad-Hoc|iPhone.ActiveCfg = Release|Any CPU
		{819DF782-456D-4F90-90DA-969F52209C4E}.Ad-Hoc|iPhoneSimulator.ActiveCfg = Release|Any CPU
		{819DF782-456D-4F90-90DA-969F52209C4E}.Ad-Hoc|Mixed Platforms.ActiveCfg = Release|Any CPU
		{819DF782-456D-4F90-90DA-969F52209C4E}.Ad-Hoc|Mixed Platforms.Build.0 = Release|Any CPU
		{819DF782-456D-4F90-90DA-969F52209C4E}.Ad-Hoc|x64.ActiveCfg = Release|Any CPU
		{819DF782-456D-4F90-90DA-969F52209C4E}.Ad-Hoc|x86.ActiveCfg = Release|Any CPU
		{819DF782-456D-4F90-90DA-969F52209C4E}.AppStore|Any CPU.ActiveCfg = Release|Any CPU
		{819DF782-456D-4F90-90DA-969F52209C4E}.AppStore|Any CPU.Build.0 = Release|Any CPU
		{819DF782-456D-4F90-90DA-969F52209C4E}.AppStore|ARM.ActiveCfg = Release|Any CPU
		{819DF782-456D-4F90-90DA-969F52209C4E}.AppStore|iPhone.ActiveCfg = Release|Any CPU
		{819DF782-456D-4F90-90DA-969F52209C4E}.AppStore|iPhoneSimulator.ActiveCfg = Release|Any CPU
		{819DF782-456D-4F90-90DA-969F52209C4E}.AppStore|Mixed Platforms.ActiveCfg = Release|Any CPU
		{819DF782-456D-4F90-90DA-969F52209C4E}.AppStore|Mixed Platforms.Build.0 = Release|Any CPU
		{819DF782-456D-4F90-90DA-969F52209C4E}.AppStore|x64.ActiveCfg = Release|Any CPU
		{819DF782-456D-4F90-90DA-969F52209C4E}.AppStore|x86.ActiveCfg = Release|Any CPU
		{819DF782-456D-4F90-90DA-969F52209C4E}.Debug|Any CPU.ActiveCfg = Debug|Any CPU
		{819DF782-456D-4F90-90DA-969F52209C4E}.Debug|Any CPU.Build.0 = Debug|Any CPU
		{819DF782-456D-4F90-90DA-969F52209C4E}.Debug|ARM.ActiveCfg = Debug|Any CPU
		{819DF782-456D-4F90-90DA-969F52209C4E}.Debug|iPhone.ActiveCfg = Debug|Any CPU
		{819DF782-456D-4F90-90DA-969F52209C4E}.Debug|iPhoneSimulator.ActiveCfg = Debug|Any CPU
		{819DF782-456D-4F90-90DA-969F52209C4E}.Debug|Mixed Platforms.ActiveCfg = Debug|Any CPU
		{819DF782-456D-4F90-90DA-969F52209C4E}.Debug|Mixed Platforms.Build.0 = Debug|Any CPU
		{819DF782-456D-4F90-90DA-969F52209C4E}.Debug|x64.ActiveCfg = Debug|Any CPU
		{819DF782-456D-4F90-90DA-969F52209C4E}.Debug|x86.ActiveCfg = Debug|Any CPU
		{819DF782-456D-4F90-90DA-969F52209C4E}.Release|Any CPU.ActiveCfg = Release|Any CPU
		{819DF782-456D-4F90-90DA-969F52209C4E}.Release|Any CPU.Build.0 = Release|Any CPU
		{819DF782-456D-4F90-90DA-969F52209C4E}.Release|ARM.ActiveCfg = Release|Any CPU
		{819DF782-456D-4F90-90DA-969F52209C4E}.Release|iPhone.ActiveCfg = Release|Any CPU
		{819DF782-456D-4F90-90DA-969F52209C4E}.Release|iPhoneSimulator.ActiveCfg = Release|Any CPU
		{819DF782-456D-4F90-90DA-969F52209C4E}.Release|Mixed Platforms.ActiveCfg = Release|Any CPU
		{819DF782-456D-4F90-90DA-969F52209C4E}.Release|Mixed Platforms.Build.0 = Release|Any CPU
		{819DF782-456D-4F90-90DA-969F52209C4E}.Release|x64.ActiveCfg = Release|Any CPU
		{819DF782-456D-4F90-90DA-969F52209C4E}.Release|x86.ActiveCfg = Release|Any CPU
		{41A2C151-9A68-42A1-92C8-5564F2AEB7FA}.Ad-Hoc|Any CPU.ActiveCfg = Ad-Hoc|iPhone
		{41A2C151-9A68-42A1-92C8-5564F2AEB7FA}.Ad-Hoc|ARM.ActiveCfg = Ad-Hoc|iPhone
		{41A2C151-9A68-42A1-92C8-5564F2AEB7FA}.Ad-Hoc|iPhone.ActiveCfg = Ad-Hoc|iPhone
		{41A2C151-9A68-42A1-92C8-5564F2AEB7FA}.Ad-Hoc|iPhone.Build.0 = Ad-Hoc|iPhone
		{41A2C151-9A68-42A1-92C8-5564F2AEB7FA}.Ad-Hoc|iPhoneSimulator.ActiveCfg = Ad-Hoc|iPhoneSimulator
		{41A2C151-9A68-42A1-92C8-5564F2AEB7FA}.Ad-Hoc|iPhoneSimulator.Build.0 = Ad-Hoc|iPhoneSimulator
		{41A2C151-9A68-42A1-92C8-5564F2AEB7FA}.Ad-Hoc|Mixed Platforms.ActiveCfg = Ad-Hoc|iPhone
		{41A2C151-9A68-42A1-92C8-5564F2AEB7FA}.Ad-Hoc|Mixed Platforms.Build.0 = Ad-Hoc|iPhone
		{41A2C151-9A68-42A1-92C8-5564F2AEB7FA}.Ad-Hoc|x64.ActiveCfg = Ad-Hoc|iPhone
		{41A2C151-9A68-42A1-92C8-5564F2AEB7FA}.Ad-Hoc|x86.ActiveCfg = Ad-Hoc|iPhone
		{41A2C151-9A68-42A1-92C8-5564F2AEB7FA}.AppStore|Any CPU.ActiveCfg = AppStore|iPhone
		{41A2C151-9A68-42A1-92C8-5564F2AEB7FA}.AppStore|ARM.ActiveCfg = AppStore|iPhone
		{41A2C151-9A68-42A1-92C8-5564F2AEB7FA}.AppStore|iPhone.ActiveCfg = AppStore|iPhone
		{41A2C151-9A68-42A1-92C8-5564F2AEB7FA}.AppStore|iPhone.Build.0 = AppStore|iPhone
		{41A2C151-9A68-42A1-92C8-5564F2AEB7FA}.AppStore|iPhoneSimulator.ActiveCfg = AppStore|iPhoneSimulator
		{41A2C151-9A68-42A1-92C8-5564F2AEB7FA}.AppStore|iPhoneSimulator.Build.0 = AppStore|iPhoneSimulator
		{41A2C151-9A68-42A1-92C8-5564F2AEB7FA}.AppStore|Mixed Platforms.ActiveCfg = AppStore|iPhone
		{41A2C151-9A68-42A1-92C8-5564F2AEB7FA}.AppStore|Mixed Platforms.Build.0 = AppStore|iPhone
		{41A2C151-9A68-42A1-92C8-5564F2AEB7FA}.AppStore|x64.ActiveCfg = AppStore|iPhone
		{41A2C151-9A68-42A1-92C8-5564F2AEB7FA}.AppStore|x86.ActiveCfg = AppStore|iPhone
		{41A2C151-9A68-42A1-92C8-5564F2AEB7FA}.Debug|Any CPU.ActiveCfg = Debug|iPhone
		{41A2C151-9A68-42A1-92C8-5564F2AEB7FA}.Debug|ARM.ActiveCfg = Debug|iPhone
		{41A2C151-9A68-42A1-92C8-5564F2AEB7FA}.Debug|iPhone.ActiveCfg = Debug|iPhone
		{41A2C151-9A68-42A1-92C8-5564F2AEB7FA}.Debug|iPhone.Build.0 = Debug|iPhone
		{41A2C151-9A68-42A1-92C8-5564F2AEB7FA}.Debug|iPhoneSimulator.ActiveCfg = Debug|iPhoneSimulator
		{41A2C151-9A68-42A1-92C8-5564F2AEB7FA}.Debug|iPhoneSimulator.Build.0 = Debug|iPhoneSimulator
		{41A2C151-9A68-42A1-92C8-5564F2AEB7FA}.Debug|Mixed Platforms.ActiveCfg = Debug|iPhone
		{41A2C151-9A68-42A1-92C8-5564F2AEB7FA}.Debug|Mixed Platforms.Build.0 = Debug|iPhone
		{41A2C151-9A68-42A1-92C8-5564F2AEB7FA}.Debug|x64.ActiveCfg = Debug|iPhone
		{41A2C151-9A68-42A1-92C8-5564F2AEB7FA}.Debug|x86.ActiveCfg = Debug|iPhone
		{41A2C151-9A68-42A1-92C8-5564F2AEB7FA}.Release|Any CPU.ActiveCfg = Release|iPhone
		{41A2C151-9A68-42A1-92C8-5564F2AEB7FA}.Release|ARM.ActiveCfg = Release|iPhone
		{41A2C151-9A68-42A1-92C8-5564F2AEB7FA}.Release|iPhone.ActiveCfg = Release|iPhone
		{41A2C151-9A68-42A1-92C8-5564F2AEB7FA}.Release|iPhone.Build.0 = Release|iPhone
		{41A2C151-9A68-42A1-92C8-5564F2AEB7FA}.Release|iPhoneSimulator.ActiveCfg = Release|iPhoneSimulator
		{41A2C151-9A68-42A1-92C8-5564F2AEB7FA}.Release|iPhoneSimulator.Build.0 = Release|iPhoneSimulator
		{41A2C151-9A68-42A1-92C8-5564F2AEB7FA}.Release|Mixed Platforms.ActiveCfg = Release|iPhone
		{41A2C151-9A68-42A1-92C8-5564F2AEB7FA}.Release|Mixed Platforms.Build.0 = Release|iPhone
		{41A2C151-9A68-42A1-92C8-5564F2AEB7FA}.Release|x64.ActiveCfg = Release|iPhone
		{41A2C151-9A68-42A1-92C8-5564F2AEB7FA}.Release|x86.ActiveCfg = Release|iPhone
		{03B9DCEC-67FF-4433-B977-F60D7C687656}.Ad-Hoc|Any CPU.ActiveCfg = Release|Any CPU
		{03B9DCEC-67FF-4433-B977-F60D7C687656}.Ad-Hoc|Any CPU.Build.0 = Release|Any CPU
		{03B9DCEC-67FF-4433-B977-F60D7C687656}.Ad-Hoc|Any CPU.Deploy.0 = Release|Any CPU
		{03B9DCEC-67FF-4433-B977-F60D7C687656}.Ad-Hoc|ARM.ActiveCfg = Release|Any CPU
		{03B9DCEC-67FF-4433-B977-F60D7C687656}.Ad-Hoc|iPhone.ActiveCfg = Release|Any CPU
		{03B9DCEC-67FF-4433-B977-F60D7C687656}.Ad-Hoc|iPhoneSimulator.ActiveCfg = Release|Any CPU
		{03B9DCEC-67FF-4433-B977-F60D7C687656}.Ad-Hoc|Mixed Platforms.ActiveCfg = Release|Any CPU
		{03B9DCEC-67FF-4433-B977-F60D7C687656}.Ad-Hoc|Mixed Platforms.Build.0 = Release|Any CPU
		{03B9DCEC-67FF-4433-B977-F60D7C687656}.Ad-Hoc|Mixed Platforms.Deploy.0 = Release|Any CPU
		{03B9DCEC-67FF-4433-B977-F60D7C687656}.Ad-Hoc|x64.ActiveCfg = Release|Any CPU
		{03B9DCEC-67FF-4433-B977-F60D7C687656}.Ad-Hoc|x86.ActiveCfg = Release|Any CPU
		{03B9DCEC-67FF-4433-B977-F60D7C687656}.AppStore|Any CPU.ActiveCfg = Release|Any CPU
		{03B9DCEC-67FF-4433-B977-F60D7C687656}.AppStore|Any CPU.Build.0 = Release|Any CPU
		{03B9DCEC-67FF-4433-B977-F60D7C687656}.AppStore|Any CPU.Deploy.0 = Release|Any CPU
		{03B9DCEC-67FF-4433-B977-F60D7C687656}.AppStore|ARM.ActiveCfg = Release|Any CPU
		{03B9DCEC-67FF-4433-B977-F60D7C687656}.AppStore|iPhone.ActiveCfg = Release|Any CPU
		{03B9DCEC-67FF-4433-B977-F60D7C687656}.AppStore|iPhoneSimulator.ActiveCfg = Release|Any CPU
		{03B9DCEC-67FF-4433-B977-F60D7C687656}.AppStore|Mixed Platforms.ActiveCfg = Release|Any CPU
		{03B9DCEC-67FF-4433-B977-F60D7C687656}.AppStore|Mixed Platforms.Build.0 = Release|Any CPU
		{03B9DCEC-67FF-4433-B977-F60D7C687656}.AppStore|Mixed Platforms.Deploy.0 = Release|Any CPU
		{03B9DCEC-67FF-4433-B977-F60D7C687656}.AppStore|x64.ActiveCfg = Release|Any CPU
		{03B9DCEC-67FF-4433-B977-F60D7C687656}.AppStore|x86.ActiveCfg = Release|Any CPU
		{03B9DCEC-67FF-4433-B977-F60D7C687656}.Debug|Any CPU.ActiveCfg = Debug|Any CPU
		{03B9DCEC-67FF-4433-B977-F60D7C687656}.Debug|Any CPU.Build.0 = Debug|Any CPU
		{03B9DCEC-67FF-4433-B977-F60D7C687656}.Debug|Any CPU.Deploy.0 = Debug|Any CPU
		{03B9DCEC-67FF-4433-B977-F60D7C687656}.Debug|ARM.ActiveCfg = Debug|Any CPU
		{03B9DCEC-67FF-4433-B977-F60D7C687656}.Debug|iPhone.ActiveCfg = Debug|Any CPU
		{03B9DCEC-67FF-4433-B977-F60D7C687656}.Debug|iPhoneSimulator.ActiveCfg = Debug|Any CPU
		{03B9DCEC-67FF-4433-B977-F60D7C687656}.Debug|Mixed Platforms.ActiveCfg = Debug|Any CPU
		{03B9DCEC-67FF-4433-B977-F60D7C687656}.Debug|Mixed Platforms.Build.0 = Debug|Any CPU
		{03B9DCEC-67FF-4433-B977-F60D7C687656}.Debug|Mixed Platforms.Deploy.0 = Debug|Any CPU
		{03B9DCEC-67FF-4433-B977-F60D7C687656}.Debug|x64.ActiveCfg = Debug|Any CPU
		{03B9DCEC-67FF-4433-B977-F60D7C687656}.Debug|x86.ActiveCfg = Debug|Any CPU
		{03B9DCEC-67FF-4433-B977-F60D7C687656}.Release|Any CPU.ActiveCfg = Release|Any CPU
		{03B9DCEC-67FF-4433-B977-F60D7C687656}.Release|Any CPU.Build.0 = Release|Any CPU
		{03B9DCEC-67FF-4433-B977-F60D7C687656}.Release|Any CPU.Deploy.0 = Release|Any CPU
		{03B9DCEC-67FF-4433-B977-F60D7C687656}.Release|ARM.ActiveCfg = Release|Any CPU
		{03B9DCEC-67FF-4433-B977-F60D7C687656}.Release|iPhone.ActiveCfg = Release|Any CPU
		{03B9DCEC-67FF-4433-B977-F60D7C687656}.Release|iPhoneSimulator.ActiveCfg = Release|Any CPU
		{03B9DCEC-67FF-4433-B977-F60D7C687656}.Release|Mixed Platforms.ActiveCfg = Release|Any CPU
		{03B9DCEC-67FF-4433-B977-F60D7C687656}.Release|Mixed Platforms.Build.0 = Release|Any CPU
		{03B9DCEC-67FF-4433-B977-F60D7C687656}.Release|Mixed Platforms.Deploy.0 = Release|Any CPU
		{03B9DCEC-67FF-4433-B977-F60D7C687656}.Release|x64.ActiveCfg = Release|Any CPU
		{03B9DCEC-67FF-4433-B977-F60D7C687656}.Release|x86.ActiveCfg = Release|Any CPU
	EndGlobalSection
	GlobalSection(SolutionProperties) = preSolution
		HideSolutionNode = FALSE
	EndGlobalSection
	GlobalSection(NestedProjects) = preSolution
		{F88ECD76-8922-4601-9D22-B239227FE956} = {14F6174F-0C3A-4BCC-85A8-A1FBC36E4241}
	EndGlobalSection
EndGlobal
