// !$*UTF8*$!
{
	archiveVersion = 1;
	classes = {
	};
	objectVersion = 46;
	objects = {

/* Begin PBXBuildFile section */
		B990FD751ACD8CF90035C2C4 /* main.m in Sources */ = {isa = PBXBuildFile; fileRef = B990FD741ACD8CF90035C2C4 /* main.m */; };
		B990FD781ACD8CF90035C2C4 /* AppDelegate.m in Sources */ = {isa = PBXBuildFile; fileRef = B990FD771ACD8CF90035C2C4 /* AppDelegate.m */; };
		B990FD7B1ACD8CF90035C2C4 /* ViewController.m in Sources */ = {isa = PBXBuildFile; fileRef = B990FD7A1ACD8CF90035C2C4 /* ViewController.m */; };
		B990FD7E1ACD8CF90035C2C4 /* Main.storyboard in Resources */ = {isa = PBXBuildFile; fileRef = B990FD7C1ACD8CF90035C2C4 /* Main.storyboard */; };
		B990FD801ACD8CF90035C2C4 /* Images.xcassets in Resources */ = {isa = PBXBuildFile; fileRef = B990FD7F1ACD8CF90035C2C4 /* Images.xcassets */; };
		B990FD831ACD8CF90035C2C4 /* LaunchScreen.xib in Resources */ = {isa = PBXBuildFile; fileRef = B990FD811ACD8CF90035C2C4 /* LaunchScreen.xib */; };
		B990FD8F1ACD8CF90035C2C4 /* XevenshteinTests.m in Sources */ = {isa = PBXBuildFile; fileRef = B990FD8E1ACD8CF90035C2C4 /* XevenshteinTests.m */; };
		B9C6398E1ACED07400047E61 /* Levenshtein.m in Sources */ = {isa = PBXBuildFile; fileRef = B9C6398D1ACED07400047E61 /* Levenshtein.m */; };
/* End PBXBuildFile section */

/* Begin PBXContainerItemProxy section */
		B990FD891ACD8CF90035C2C4 /* PBXContainerItemProxy */ = {
			isa = PBXContainerItemProxy;
			containerPortal = B990FD671ACD8CF80035C2C4 /* Project object */;
			proxyType = 1;
			remoteGlobalIDString = B990FD6E1ACD8CF80035C2C4;
			remoteInfo = Xevenshtein;
		};
/* End PBXContainerItemProxy section */

/* Begin PBXFileReference section */
		B990FD6F1ACD8CF80035C2C4 /* Xevenshtein.app */ = {isa = PBXFileReference; explicitFileType = wrapper.application; includeInIndex = 0; path = Xevenshtein.app; sourceTree = BUILT_PRODUCTS_DIR; };
		B990FD731ACD8CF90035C2C4 /* Info.plist */ = {isa = PBXFileReference; lastKnownFileType = text.plist.xml; path = Info.plist; sourceTree = "<group>"; };
		B990FD741ACD8CF90035C2C4 /* main.m */ = {isa = PBXFileReference; lastKnownFileType = sourcecode.c.objc; path = main.m; sourceTree = "<group>"; };
		B990FD761ACD8CF90035C2C4 /* AppDelegate.h */ = {isa = PBXFileReference; lastKnownFileType = sourcecode.c.h; path = AppDelegate.h; sourceTree = "<group>"; };
		B990FD771ACD8CF90035C2C4 /* AppDelegate.m */ = {isa = PBXFileReference; lastKnownFileType = sourcecode.c.objc; path = AppDelegate.m; sourceTree = "<group>"; };
		B990FD791ACD8CF90035C2C4 /* ViewController.h */ = {isa = PBXFileReference; lastKnownFileType = sourcecode.c.h; path = ViewController.h; sourceTree = "<group>"; };
		B990FD7A1ACD8CF90035C2C4 /* ViewController.m */ = {isa = PBXFileReference; lastKnownFileType = sourcecode.c.objc; path = ViewController.m; sourceTree = "<group>"; };
		B990FD7D1ACD8CF90035C2C4 /* Base */ = {isa = PBXFileReference; lastKnownFileType = file.storyboard; name = Base; path = Base.lproj/Main.storyboard; sourceTree = "<group>"; };
		B990FD7F1ACD8CF90035C2C4 /* Images.xcassets */ = {isa = PBXFileReference; lastKnownFileType = folder.assetcatalog; path = Images.xcassets; sourceTree = "<group>"; };
		B990FD821ACD8CF90035C2C4 /* Base */ = {isa = PBXFileReference; lastKnownFileType = file.xib; name = Base; path = Base.lproj/LaunchScreen.xib; sourceTree = "<group>"; };
		B990FD881ACD8CF90035C2C4 /* XevenshteinTests.xctest */ = {isa = PBXFileReference; explicitFileType = wrapper.cfbundle; includeInIndex = 0; path = XevenshteinTests.xctest; sourceTree = BUILT_PRODUCTS_DIR; };
		B990FD8D1ACD8CF90035C2C4 /* Info.plist */ = {isa = PBXFileReference; lastKnownFileType = text.plist.xml; path = Info.plist; sourceTree = "<group>"; };
		B990FD8E1ACD8CF90035C2C4 /* XevenshteinTests.m */ = {isa = PBXFileReference; lastKnownFileType = sourcecode.c.objc; path = XevenshteinTests.m; sourceTree = "<group>"; };
		B9C6398C1ACECF2700047E61 /* Levenshtein.h */ = {isa = PBXFileReference; lastKnownFileType = sourcecode.c.h; path = Levenshtein.h; sourceTree = "<group>"; };
		B9C6398D1ACED07400047E61 /* Levenshtein.m */ = {isa = PBXFileReference; fileEncoding = 4; lastKnownFileType = sourcecode.c.objc; path = Levenshtein.m; sourceTree = "<group>"; };
/* End PBXFileReference section */

/* Begin PBXFrameworksBuildPhase section */
		B990FD6C1ACD8CF80035C2C4 /* Frameworks */ = {
			isa = PBXFrameworksBuildPhase;
			buildActionMask = 2147483647;
			files = (
			);
			runOnlyForDeploymentPostprocessing = 0;
		};
		B990FD851ACD8CF90035C2C4 /* Frameworks */ = {
			isa = PBXFrameworksBuildPhase;
			buildActionMask = 2147483647;
			files = (
			);
			runOnlyForDeploymentPostprocessing = 0;
		};
/* End PBXFrameworksBuildPhase section */

/* Begin PBXGroup section */
		B990FD661ACD8CF80035C2C4 = {
			isa = PBXGroup;
			children = (
				B990FD711ACD8CF80035C2C4 /* Xevenshtein */,
				B990FD8B1ACD8CF90035C2C4 /* XevenshteinTests */,
				B990FD701ACD8CF80035C2C4 /* Products */,
			);
			sourceTree = "<group>";
		};
		B990FD701ACD8CF80035C2C4 /* Products */ = {
			isa = PBXGroup;
			children = (
				B990FD6F1ACD8CF80035C2C4 /* Xevenshtein.app */,
				B990FD881ACD8CF90035C2C4 /* XevenshteinTests.xctest */,
			);
			name = Products;
			sourceTree = "<group>";
		};
		B990FD711ACD8CF80035C2C4 /* Xevenshtein */ = {
			isa = PBXGroup;
			children = (
				B990FD761ACD8CF90035C2C4 /* AppDelegate.h */,
				B990FD771ACD8CF90035C2C4 /* AppDelegate.m */,
				B990FD791ACD8CF90035C2C4 /* ViewController.h */,
				B990FD7A1ACD8CF90035C2C4 /* ViewController.m */,
				B990FD7C1ACD8CF90035C2C4 /* Main.storyboard */,
				B990FD7F1ACD8CF90035C2C4 /* Images.xcassets */,
				B990FD811ACD8CF90035C2C4 /* LaunchScreen.xib */,
				B990FD721ACD8CF90035C2C4 /* Supporting Files */,
				B9C6398C1ACECF2700047E61 /* Levenshtein.h */,
				B9C6398D1ACED07400047E61 /* Levenshtein.m */,
			);
			path = Xevenshtein;
			sourceTree = "<group>";
		};
		B990FD721ACD8CF90035C2C4 /* Supporting Files */ = {
			isa = PBXGroup;
			children = (
				B990FD731ACD8CF90035C2C4 /* Info.plist */,
				B990FD741ACD8CF90035C2C4 /* main.m */,
			);
			name = "Supporting Files";
			sourceTree = "<group>";
		};
		B990FD8B1ACD8CF90035C2C4 /* XevenshteinTests */ = {
			isa = PBXGroup;
			children = (
				B990FD8E1ACD8CF90035C2C4 /* XevenshteinTests.m */,
				B990FD8C1ACD8CF90035C2C4 /* Supporting Files */,
			);
			path = XevenshteinTests;
			sourceTree = "<group>";
		};
		B990FD8C1ACD8CF90035C2C4 /* Supporting Files */ = {
			isa = PBXGroup;
			children = (
				B990FD8D1ACD8CF90035C2C4 /* Info.plist */,
			);
			name = "Supporting Files";
			sourceTree = "<group>";
		};
/* End PBXGroup section */

/* Begin PBXNativeTarget section */
		B990FD6E1ACD8CF80035C2C4 /* Xevenshtein */ = {
			isa = PBXNativeTarget;
			buildConfigurationList = B990FD921ACD8CF90035C2C4 /* Build configuration list for PBXNativeTarget "Xevenshtein" */;
			buildPhases = (
				B990FD6B1ACD8CF80035C2C4 /* Sources */,
				B990FD6C1ACD8CF80035C2C4 /* Frameworks */,
				B990FD6D1ACD8CF80035C2C4 /* Resources */,
			);
			buildRules = (
			);
			dependencies = (
			);
			name = Xevenshtein;
			productName = Xevenshtein;
			productReference = B990FD6F1ACD8CF80035C2C4 /* Xevenshtein.app */;
			productType = "com.apple.product-type.application";
		};
		B990FD871ACD8CF90035C2C4 /* XevenshteinTests */ = {
			isa = PBXNativeTarget;
			buildConfigurationList = B990FD951ACD8CF90035C2C4 /* Build configuration list for PBXNativeTarget "XevenshteinTests" */;
			buildPhases = (
				B990FD841ACD8CF90035C2C4 /* Sources */,
				B990FD851ACD8CF90035C2C4 /* Frameworks */,
				B990FD861ACD8CF90035C2C4 /* Resources */,
			);
			buildRules = (
			);
			dependencies = (
				B990FD8A1ACD8CF90035C2C4 /* PBXTargetDependency */,
			);
			name = XevenshteinTests;
			productName = XevenshteinTests;
			productReference = B990FD881ACD8CF90035C2C4 /* XevenshteinTests.xctest */;
			productType = "com.apple.product-type.bundle.unit-test";
		};
/* End PBXNativeTarget section */

/* Begin PBXProject section */
		B990FD671ACD8CF80035C2C4 /* Project object */ = {
			isa = PBXProject;
			attributes = {
				LastUpgradeCheck = 0620;
				ORGANIZATIONNAME = Messier16;
				TargetAttributes = {
					B990FD6E1ACD8CF80035C2C4 = {
						CreatedOnToolsVersion = 6.2;
					};
					B990FD871ACD8CF90035C2C4 = {
						CreatedOnToolsVersion = 6.2;
						TestTargetID = B990FD6E1ACD8CF80035C2C4;
					};
				};
			};
			buildConfigurationList = B990FD6A1ACD8CF80035C2C4 /* Build configuration list for PBXProject "Xevenshtein" */;
			compatibilityVersion = "Xcode 3.2";
			developmentRegion = English;
			hasScannedForEncodings = 0;
			knownRegions = (
				en,
				Base,
			);
			mainGroup = B990FD661ACD8CF80035C2C4;
			productRefGroup = B990FD701ACD8CF80035C2C4 /* Products */;
			projectDirPath = "";
			projectRoot = "";
			targets = (
				B990FD6E1ACD8CF80035C2C4 /* Xevenshtein */,
				B990FD871ACD8CF90035C2C4 /* XevenshteinTests */,
			);
		};
/* End PBXProject section */

/* Begin PBXResourcesBuildPhase section */
		B990FD6D1ACD8CF80035C2C4 /* Resources */ = {
			isa = PBXResourcesBuildPhase;
			buildActionMask = 2147483647;
			files = (
				B990FD7E1ACD8CF90035C2C4 /* Main.storyboard in Resources */,
				B990FD831ACD8CF90035C2C4 /* LaunchScreen.xib in Resources */,
				B990FD801ACD8CF90035C2C4 /* Images.xcassets in Resources */,
			);
			runOnlyForDeploymentPostprocessing = 0;
		};
		B990FD861ACD8CF90035C2C4 /* Resources */ = {
			isa = PBXResourcesBuildPhase;
			buildActionMask = 2147483647;
			files = (
			);
			runOnlyForDeploymentPostprocessing = 0;
		};
/* End PBXResourcesBuildPhase section */

/* Begin PBXSourcesBuildPhase section */
		B990FD6B1ACD8CF80035C2C4 /* Sources */ = {
			isa = PBXSourcesBuildPhase;
			buildActionMask = 2147483647;
			files = (
				B990FD7B1ACD8CF90035C2C4 /* ViewController.m in Sources */,
				B9C6398E1ACED07400047E61 /* Levenshtein.m in Sources */,
				B990FD781ACD8CF90035C2C4 /* AppDelegate.m in Sources */,
				B990FD751ACD8CF90035C2C4 /* main.m in Sources */,
			);
			runOnlyForDeploymentPostprocessing = 0;
		};
		B990FD841ACD8CF90035C2C4 /* Sources */ = {
			isa = PBXSourcesBuildPhase;
			buildActionMask = 2147483647;
			files = (
				B990FD8F1ACD8CF90035C2C4 /* XevenshteinTests.m in Sources */,
			);
			runOnlyForDeploymentPostprocessing = 0;
		};
/* End PBXSourcesBuildPhase section */

/* Begin PBXTargetDependency section */
		B990FD8A1ACD8CF90035C2C4 /* PBXTargetDependency */ = {
			isa = PBXTargetDependency;
			target = B990FD6E1ACD8CF80035C2C4 /* Xevenshtein */;
			targetProxy = B990FD891ACD8CF90035C2C4 /* PBXContainerItemProxy */;
		};
/* End PBXTargetDependency section */

/* Begin PBXVariantGroup section */
		B990FD7C1ACD8CF90035C2C4 /* Main.storyboard */ = {
			isa = PBXVariantGroup;
			children = (
				B990FD7D1ACD8CF90035C2C4 /* Base */,
			);
			name = Main.storyboard;
			sourceTree = "<group>";
		};
		B990FD811ACD8CF90035C2C4 /* LaunchScreen.xib */ = {
			isa = PBXVariantGroup;
			children = (
				B990FD821ACD8CF90035C2C4 /* Base */,
			);
			name = LaunchScreen.xib;
			sourceTree = "<group>";
		};
/* End PBXVariantGroup section */

/* Begin XCBuildConfiguration section */
		B990FD901ACD8CF90035C2C4 /* Debug */ = {
			isa = XCBuildConfiguration;
			buildSettings = {
				ALWAYS_SEARCH_USER_PATHS = NO;
				CLANG_CXX_LANGUAGE_STANDARD = "gnu++0x";
				CLANG_CXX_LIBRARY = "libc++";
				CLANG_ENABLE_MODULES = YES;
				CLANG_ENABLE_OBJC_ARC = YES;
				CLANG_WARN_BOOL_CONVERSION = YES;
				CLANG_WARN_CONSTANT_CONVERSION = YES;
				CLANG_WARN_DIRECT_OBJC_ISA_USAGE = YES_ERROR;
				CLANG_WARN_EMPTY_BODY = YES;
				CLANG_WARN_ENUM_CONVERSION = YES;
				CLANG_WARN_INT_CONVERSION = YES;
				CLANG_WARN_OBJC_ROOT_CLASS = YES_ERROR;
				CLANG_WARN_UNREACHABLE_CODE = YES;
				CLANG_WARN__DUPLICATE_METHOD_MATCH = YES;
				"CODE_SIGN_IDENTITY[sdk=iphoneos*]" = "iPhone Developer";
				COPY_PHASE_STRIP = NO;
				ENABLE_STRICT_OBJC_MSGSEND = YES;
				GCC_C_LANGUAGE_STANDARD = gnu99;
				GCC_DYNAMIC_NO_PIC = NO;
				GCC_OPTIMIZATION_LEVEL = 0;
				GCC_PREPROCESSOR_DEFINITIONS = (
					"DEBUG=1",
					"$(inherited)",
				);
				GCC_SYMBOLS_PRIVATE_EXTERN = NO;
				GCC_WARN_64_TO_32_BIT_CONVERSION = YES;
				GCC_WARN_ABOUT_RETURN_TYPE = YES_ERROR;
				GCC_WARN_UNDECLARED_SELECTOR = YES;
				GCC_WARN_UNINITIALIZED_AUTOS = YES_AGGRESSIVE;
				GCC_WARN_UNUSED_FUNCTION = YES;
				GCC_WARN_UNUSED_VARIABLE = YES;
				IPHONEOS_DEPLOYMENT_TARGET = 8.2;
				MTL_ENABLE_DEBUG_INFO = YES;
				ONLY_ACTIVE_ARCH = YES;
				SDKROOT = iphoneos;
			};
			name = Debug;
		};
		B990FD911ACD8CF90035C2C4 /* Release */ = {
			isa = XCBuildConfiguration;
			buildSettings = {
				ALWAYS_SEARCH_USER_PATHS = NO;
				CLANG_CXX_LANGUAGE_STANDARD = "gnu++0x";
				CLANG_CXX_LIBRARY = "libc++";
				CLANG_ENABLE_MODULES = YES;
				CLANG_ENABLE_OBJC_ARC = YES;
				CLANG_WARN_BOOL_CONVERSION = YES;
				CLANG_WARN_CONSTANT_CONVERSION = YES;
				CLANG_WARN_DIRECT_OBJC_ISA_USAGE = YES_ERROR;
				CLANG_WARN_EMPTY_BODY = YES;
				CLANG_WARN_ENUM_CONVERSION = YES;
				CLANG_WARN_INT_CONVERSION = YES;
				CLANG_WARN_OBJC_ROOT_CLASS = YES_ERROR;
				CLANG_WARN_UNREACHABLE_CODE = YES;
				CLANG_WARN__DUPLICATE_METHOD_MATCH = YES;
				"CODE_SIGN_IDENTITY[sdk=iphoneos*]" = "iPhone Developer";
				COPY_PHASE_STRIP = NO;
				ENABLE_NS_ASSERTIONS = NO;
				ENABLE_STRICT_OBJC_MSGSEND = YES;
				GCC_C_LANGUAGE_STANDARD = gnu99;
				GCC_WARN_64_TO_32_BIT_CONVERSION = YES;
				GCC_WARN_ABOUT_RETURN_TYPE = YES_ERROR;
				GCC_WARN_UNDECLARED_SELECTOR = YES;
				GCC_WARN_UNINITIALIZED_AUTOS = YES_AGGRESSIVE;
				GCC_WARN_UNUSED_FUNCTION = YES;
				GCC_WARN_UNUSED_VARIABLE = YES;
				IPHONEOS_DEPLOYMENT_TARGET = 8.2;
				MTL_ENABLE_DEBUG_INFO = NO;
				SDKROOT = iphoneos;
				VALIDATE_PRODUCT = YES;
			};
			name = Release;
		};
		B990FD931ACD8CF90035C2C4 /* Debug */ = {
			isa = XCBuildConfiguration;
			buildSettings = {
				ASSETCATALOG_COMPILER_APPICON_NAME = AppIcon;
				INFOPLIST_FILE = Xevenshtein/Info.plist;
				LD_RUNPATH_SEARCH_PATHS = "$(inherited) @executable_path/Frameworks";
				PRODUCT_NAME = "$(TARGET_NAME)";
			};
			name = Debug;
		};
		B990FD941ACD8CF90035C2C4 /* Release */ = {
			isa = XCBuildConfiguration;
			buildSettings = {
				ASSETCATALOG_COMPILER_APPICON_NAME = AppIcon;
				INFOPLIST_FILE = Xevenshtein/Info.plist;
				LD_RUNPATH_SEARCH_PATHS = "$(inherited) @executable_path/Frameworks";
				PRODUCT_NAME = "$(TARGET_NAME)";
			};
			name = Release;
		};
		B990FD961ACD8CF90035C2C4 /* Debug */ = {
			isa = XCBuildConfiguration;
			buildSettings = {
				BUNDLE_LOADER = "$(TEST_HOST)";
				FRAMEWORK_SEARCH_PATHS = (
					"$(SDKROOT)/Developer/Library/Frameworks",
					"$(inherited)",
				);
				GCC_PREPROCESSOR_DEFINITIONS = (
					"DEBUG=1",
					"$(inherited)",
				);
				INFOPLIST_FILE = XevenshteinTests/Info.plist;
				LD_RUNPATH_SEARCH_PATHS = "$(inherited) @executable_path/Frameworks @loader_path/Frameworks";
				PRODUCT_NAME = "$(TARGET_NAME)";
				TEST_HOST = "$(BUILT_PRODUCTS_DIR)/Xevenshtein.app/Xevenshtein";
			};
			name = Debug;
		};
		B990FD971ACD8CF90035C2C4 /* Release */ = {
			isa = XCBuildConfiguration;
			buildSettings = {
				BUNDLE_LOADER = "$(TEST_HOST)";
				FRAMEWORK_SEARCH_PATHS = (
					"$(SDKROOT)/Developer/Library/Frameworks",
					"$(inherited)",
				);
				INFOPLIST_FILE = XevenshteinTests/Info.plist;
				LD_RUNPATH_SEARCH_PATHS = "$(inherited) @executable_path/Frameworks @loader_path/Frameworks";
				PRODUCT_NAME = "$(TARGET_NAME)";
				TEST_HOST = "$(BUILT_PRODUCTS_DIR)/Xevenshtein.app/Xevenshtein";
			};
			name = Release;
		};
/* End XCBuildConfiguration section */

/* Begin XCConfigurationList section */
		B990FD6A1ACD8CF80035C2C4 /* Build configuration list for PBXProject "Xevenshtein" */ = {
			isa = XCConfigurationList;
			buildConfigurations = (
				B990FD901ACD8CF90035C2C4 /* Debug */,
				B990FD911ACD8CF90035C2C4 /* Release */,
			);
			defaultConfigurationIsVisible = 0;
			defaultConfigurationName = Release;
		};
		B990FD921ACD8CF90035C2C4 /* Build configuration list for PBXNativeTarget "Xevenshtein" */ = {
			isa = XCConfigurationList;
			buildConfigurations = (
				B990FD931ACD8CF90035C2C4 /* Debug */,
				B990FD941ACD8CF90035C2C4 /* Release */,
			);
			defaultConfigurationIsVisible = 0;
			defaultConfigurationName = Release;
		};
		B990FD951ACD8CF90035C2C4 /* Build configuration list for PBXNativeTarget "XevenshteinTests" */ = {
			isa = XCConfigurationList;
			buildConfigurations = (
				B990FD961ACD8CF90035C2C4 /* Debug */,
				B990FD971ACD8CF90035C2C4 /* Release */,
			);
			defaultConfigurationIsVisible = 0;
			defaultConfigurationName = Release;
		};
/* End XCConfigurationList section */
	};
	rootObject = B990FD671ACD8CF80035C2C4 /* Project object */;
}
